// !$*UTF8*$!
{
	archiveVersion = 1;
	classes = {
	};
	objectVersion = 50;
	objects = {

/* Begin PBXBuildFile section */
		E3ABEDA027B4208800A9F860 /* Project_MovieApp.swift in Sources */ = {isa = PBXBuildFile; fileRef = E3ABED9F27B4208800A9F860 /* Project_MovieApp.swift */; };
		E3ABEDA227B4208800A9F860 /* ContentView.swift in Sources */ = {isa = PBXBuildFile; fileRef = E3ABEDA127B4208800A9F860 /* ContentView.swift */; };
		E3ABEDA427B4208D00A9F860 /* Assets.xcassets in Resources */ = {isa = PBXBuildFile; fileRef = E3ABEDA327B4208D00A9F860 /* Assets.xcassets */; };
		E3ABEDA727B4208D00A9F860 /* Preview Assets.xcassets in Resources */ = {isa = PBXBuildFile; fileRef = E3ABEDA627B4208D00A9F860 /* Preview Assets.xcassets */; };
		E3ABEDB027B422D800A9F860 /* MovieViewModel.swift in Sources */ = {isa = PBXBuildFile; fileRef = E3ABEDAF27B422D800A9F860 /* MovieViewModel.swift */; };
		E3ABEDB327B42BE100A9F860 /* Discover.swift in Sources */ = {isa = PBXBuildFile; fileRef = E3ABEDB227B42BE100A9F860 /* Discover.swift */; };
/* End PBXBuildFile section */

/* Begin PBXFileReference section */
		E3ABED9C27B4208800A9F860 /* Project-Movie.app */ = {isa = PBXFileReference; explicitFileType = wrapper.application; includeInIndex = 0; path = "Project-Movie.app"; sourceTree = BUILT_PRODUCTS_DIR; };
		E3ABED9F27B4208800A9F860 /* Project_MovieApp.swift */ = {isa = PBXFileReference; lastKnownFileType = sourcecode.swift; path = Project_MovieApp.swift; sourceTree = "<group>"; };
		E3ABEDA127B4208800A9F860 /* ContentView.swift */ = {isa = PBXFileReference; lastKnownFileType = sourcecode.swift; path = ContentView.swift; sourceTree = "<group>"; };
		E3ABEDA327B4208D00A9F860 /* Assets.xcassets */ = {isa = PBXFileReference; lastKnownFileType = folder.assetcatalog; path = Assets.xcassets; sourceTree = "<group>"; };
		E3ABEDA627B4208D00A9F860 /* Preview Assets.xcassets */ = {isa = PBXFileReference; lastKnownFileType = folder.assetcatalog; path = "Preview Assets.xcassets"; sourceTree = "<group>"; };
		E3ABEDA827B4208D00A9F860 /* Info.plist */ = {isa = PBXFileReference; lastKnownFileType = text.plist.xml; path = Info.plist; sourceTree = "<group>"; };
		E3ABEDAF27B422D800A9F860 /* MovieViewModel.swift */ = {isa = PBXFileReference; lastKnownFileType = sourcecode.swift; path = MovieViewModel.swift; sourceTree = "<group>"; };
		E3ABEDB227B42BE100A9F860 /* Discover.swift */ = {isa = PBXFileReference; lastKnownFileType = sourcecode.swift; path = Discover.swift; sourceTree = "<group>"; };
/* End PBXFileReference section */

/* Begin PBXFrameworksBuildPhase section */
		E3ABED9927B4208800A9F860 /* Frameworks */ = {
			isa = PBXFrameworksBuildPhase;
			buildActionMask = 2147483647;
			files = (
			);
			runOnlyForDeploymentPostprocessing = 0;
		};
/* End PBXFrameworksBuildPhase section */

/* Begin PBXGroup section */
		E3ABED9327B4208800A9F860 = {
			isa = PBXGroup;
			children = (
				E3ABED9E27B4208800A9F860 /* Project-Movie */,
				E3ABED9D27B4208800A9F860 /* Products */,
			);
			sourceTree = "<group>";
		};
		E3ABED9D27B4208800A9F860 /* Products */ = {
			isa = PBXGroup;
			children = (
				E3ABED9C27B4208800A9F860 /* Project-Movie.app */,
			);
			name = Products;
			sourceTree = "<group>";
		};
		E3ABED9E27B4208800A9F860 /* Project-Movie */ = {
			isa = PBXGroup;
			children = (
				E3ABEDB127B42BCD00A9F860 /* Model */,
				E3ABEDAE27B4229900A9F860 /* ViewModel */,
				E3ABED9F27B4208800A9F860 /* Project_MovieApp.swift */,
				E3ABEDA127B4208800A9F860 /* ContentView.swift */,
				E3ABEDA327B4208D00A9F860 /* Assets.xcassets */,
				E3ABEDA827B4208D00A9F860 /* Info.plist */,
				E3ABEDA527B4208D00A9F860 /* Preview Content */,
			);
			path = "Project-Movie";
			sourceTree = "<group>";
		};
		E3ABEDA527B4208D00A9F860 /* Preview Content */ = {
			isa = PBXGroup;
			children = (
				E3ABEDA627B4208D00A9F860 /* Preview Assets.xcassets */,
			);
			path = "Preview Content";
			sourceTree = "<group>";
		};
		E3ABEDAE27B4229900A9F860 /* ViewModel */ = {
			isa = PBXGroup;
			children = (
				E3ABEDAF27B422D800A9F860 /* MovieViewModel.swift */,
			);
			path = ViewModel;
			sourceTree = "<group>";
		};
		E3ABEDB127B42BCD00A9F860 /* Model */ = {
			isa = PBXGroup;
			children = (
				E3ABEDB227B42BE100A9F860 /* Discover.swift */,
			);
			path = Model;
			sourceTree = "<group>";
		};
/* End PBXGroup section */

/* Begin PBXNativeTarget section */
		E3ABED9B27B4208800A9F860 /* Project-Movie */ = {
			isa = PBXNativeTarget;
			buildConfigurationList = E3ABEDAB27B4208D00A9F860 /* Build configuration list for PBXNativeTarget "Project-Movie" */;
			buildPhases = (
				E3ABED9827B4208800A9F860 /* Sources */,
				E3ABED9927B4208800A9F860 /* Frameworks */,
				E3ABED9A27B4208800A9F860 /* Resources */,
			);
			buildRules = (
			);
			dependencies = (
			);
			name = "Project-Movie";
			productName = "Project-Movie";
			productReference = E3ABED9C27B4208800A9F860 /* Project-Movie.app */;
			productType = "com.apple.product-type.application";
		};
/* End PBXNativeTarget section */

/* Begin PBXProject section */
		E3ABED9427B4208800A9F860 /* Project object */ = {
			isa = PBXProject;
			attributes = {
				LastSwiftUpdateCheck = 1250;
				LastUpgradeCheck = 1250;
				TargetAttributes = {
					E3ABED9B27B4208800A9F860 = {
						CreatedOnToolsVersion = 12.5.1;
					};
				};
			};
			buildConfigurationList = E3ABED9727B4208800A9F860 /* Build configuration list for PBXProject "Project-Movie" */;
			compatibilityVersion = "Xcode 9.3";
			developmentRegion = en;
			hasScannedForEncodings = 0;
			knownRegions = (
				en,
				Base,
			);
			mainGroup = E3ABED9327B4208800A9F860;
			productRefGroup = E3ABED9D27B4208800A9F860 /* Products */;
			projectDirPath = "";
			projectRoot = "";
			targets = (
				E3ABED9B27B4208800A9F860 /* Project-Movie */,
			);
		};
/* End PBXProject section */

/* Begin PBXResourcesBuildPhase section */
		E3ABED9A27B4208800A9F860 /* Resources */ = {
			isa = PBXResourcesBuildPhase;
			buildActionMask = 2147483647;
			files = (
				E3ABEDA727B4208D00A9F860 /* Preview Assets.xcassets in Resources */,
				E3ABEDA427B4208D00A9F860 /* Assets.xcassets in Resources */,
			);
			runOnlyForDeploymentPostprocessing = 0;
		};
/* End PBXResourcesBuildPhase section */

/* Begin PBXSourcesBuildPhase section */
		E3ABED9827B4208800A9F860 /* Sources */ = {
			isa = PBXSourcesBuildPhase;
			buildActionMask = 2147483647;
			files = (
				E3ABEDB327B42BE100A9F860 /* Discover.swift in Sources */,
				E3ABEDA227B4208800A9F860 /* ContentView.swift in Sources */,
				E3ABEDA027B4208800A9F860 /* Project_MovieApp.swift in Sources */,
				E3ABEDB027B422D800A9F860 /* MovieViewModel.swift in Sources */,
			);
			runOnlyForDeploymentPostprocessing = 0;
		};
/* End PBXSourcesBuildPhase section */

/* Begin XCBuildConfiguration section */
		E3ABEDA927B4208D00A9F860 /* Debug */ = {
			isa = XCBuildConfiguration;
			buildSettings = {
				ALWAYS_SEARCH_USER_PATHS = NO;
				CLANG_ANALYZER_NONNULL = YES;
				CLANG_ANALYZER_NUMBER_OBJECT_CONVERSION = YES_AGGRESSIVE;
				CLANG_CXX_LANGUAGE_STANDARD = "gnu++14";
				CLANG_CXX_LIBRARY = "libc++";
				CLANG_ENABLE_MODULES = YES;
				CLANG_ENABLE_OBJC_ARC = YES;
				CLANG_ENABLE_OBJC_WEAK = YES;
				CLANG_WARN_BLOCK_CAPTURE_AUTORELEASING = YES;
				CLANG_WARN_BOOL_CONVERSION = YES;
				CLANG_WARN_COMMA = YES;
				CLANG_WARN_CONSTANT_CONVERSION = YES;
				CLANG_WARN_DEPRECATED_OBJC_IMPLEMENTATIONS = YES;
				CLANG_WARN_DIRECT_OBJC_ISA_USAGE = YES_ERROR;
				CLANG_WARN_DOCUMENTATION_COMMENTS = YES;
				CLANG_WARN_EMPTY_BODY = YES;
				CLANG_WARN_ENUM_CONVERSION = YES;
				CLANG_WARN_INFINITE_RECURSION = YES;
				CLANG_WARN_INT_CONVERSION = YES;
				CLANG_WARN_NON_LITERAL_NULL_CONVERSION = YES;
				CLANG_WARN_OBJC_IMPLICIT_RETAIN_SELF = YES;
				CLANG_WARN_OBJC_LITERAL_CONVERSION = YES;
				CLANG_WARN_OBJC_ROOT_CLASS = YES_ERROR;
				CLANG_WARN_QUOTED_INCLUDE_IN_FRAMEWORK_HEADER = YES;
				CLANG_WARN_RANGE_LOOP_ANALYSIS = YES;
				CLANG_WARN_STRICT_PROTOTYPES = YES;
				CLANG_WARN_SUSPICIOUS_MOVE = YES;
				CLANG_WARN_UNGUARDED_AVAILABILITY = YES_AGGRESSIVE;
				CLANG_WARN_UNREACHABLE_CODE = YES;
				CLANG_WARN__DUPLICATE_METHOD_MATCH = YES;
				COPY_PHASE_STRIP = NO;
				DEBUG_INFORMATION_FORMAT = dwarf;
				ENABLE_STRICT_OBJC_MSGSEND = YES;
				ENABLE_TESTABILITY = YES;
				GCC_C_LANGUAGE_STANDARD = gnu11;
				GCC_DYNAMIC_NO_PIC = NO;
				GCC_NO_COMMON_BLOCKS = YES;
				GCC_OPTIMIZATION_LEVEL = 0;
				GCC_PREPROCESSOR_DEFINITIONS = (
					"DEBUG=1",
					"$(inherited)",
				);
				GCC_WARN_64_TO_32_BIT_CONVERSION = YES;
				GCC_WARN_ABOUT_RETURN_TYPE = YES_ERROR;
				GCC_WARN_UNDECLARED_SELECTOR = YES;
				GCC_WARN_UNINITIALIZED_AUTOS = YES_AGGRESSIVE;
				GCC_WARN_UNUSED_FUNCTION = YES;
				GCC_WARN_UNUSED_VARIABLE = YES;
				IPHONEOS_DEPLOYMENT_TARGET = 14.5;
				MTL_ENABLE_DEBUG_INFO = INCLUDE_SOURCE;
				MTL_FAST_MATH = YES;
				ONLY_ACTIVE_ARCH = YES;
				SDKROOT = iphoneos;
				SWIFT_ACTIVE_COMPILATION_CONDITIONS = DEBUG;
				SWIFT_OPTIMIZATION_LEVEL = "-Onone";
			};
			name = Debug;
		};
		E3ABEDAA27B4208D00A9F860 /* Release */ = {
			isa = XCBuildConfiguration;
			buildSettings = {
				ALWAYS_SEARCH_USER_PATHS = NO;
				CLANG_ANALYZER_NONNULL = YES;
				CLANG_ANALYZER_NUMBER_OBJECT_CONVERSION = YES_AGGRESSIVE;
				CLANG_CXX_LANGUAGE_STANDARD = "gnu++14";
				CLANG_CXX_LIBRARY = "libc++";
				CLANG_ENABLE_MODULES = YES;
				CLANG_ENABLE_OBJC_ARC = YES;
				CLANG_ENABLE_OBJC_WEAK = YES;
				CLANG_WARN_BLOCK_CAPTURE_AUTORELEASING = YES;
				CLANG_WARN_BOOL_CONVERSION = YES;
				CLANG_WARN_COMMA = YES;
				CLANG_WARN_CONSTANT_CONVERSION = YES;
				CLANG_WARN_DEPRECATED_OBJC_IMPLEMENTATIONS = YES;
				CLANG_WARN_DIRECT_OBJC_ISA_USAGE = YES_ERROR;
				CLANG_WARN_DOCUMENTATION_COMMENTS = YES;
				CLANG_WARN_EMPTY_BODY = YES;
				CLANG_WARN_ENUM_CONVERSION = YES;
				CLANG_WARN_INFINITE_RECURSION = YES;
				CLANG_WARN_INT_CONVERSION = YES;
				CLANG_WARN_NON_LITERAL_NULL_CONVERSION = YES;
				CLANG_WARN_OBJC_IMPLICIT_RETAIN_SELF = YES;
				CLANG_WARN_OBJC_LITERAL_CONVERSION = YES;
				CLANG_WARN_OBJC_ROOT_CLASS = YES_ERROR;
				CLANG_WARN_QUOTED_INCLUDE_IN_FRAMEWORK_HEADER = YES;
				CLANG_WARN_RANGE_LOOP_ANALYSIS = YES;
				CLANG_WARN_STRICT_PROTOTYPES = YES;
				CLANG_WARN_SUSPICIOUS_MOVE = YES;
				CLANG_WARN_UNGUARDED_AVAILABILITY = YES_AGGRESSIVE;
				CLANG_WARN_UNREACHABLE_CODE = YES;
				CLANG_WARN__DUPLICATE_METHOD_MATCH = YES;
				COPY_PHASE_STRIP = NO;
				DEBUG_INFORMATION_FORMAT = "dwarf-with-dsym";
				ENABLE_NS_ASSERTIONS = NO;
				ENABLE_STRICT_OBJC_MSGSEND = YES;
				GCC_C_LANGUAGE_STANDARD = gnu11;
				GCC_NO_COMMON_BLOCKS = YES;
				GCC_WARN_64_TO_32_BIT_CONVERSION = YES;
				GCC_WARN_ABOUT_RETURN_TYPE = YES_ERROR;
				GCC_WARN_UNDECLARED_SELECTOR = YES;
				GCC_WARN_UNINITIALIZED_AUTOS = YES_AGGRESSIVE;
				GCC_WARN_UNUSED_FUNCTION = YES;
				GCC_WARN_UNUSED_VARIABLE = YES;
				IPHONEOS_DEPLOYMENT_TARGET = 14.5;
				MTL_ENABLE_DEBUG_INFO = NO;
				MTL_FAST_MATH = YES;
				SDKROOT = iphoneos;
				SWIFT_COMPILATION_MODE = wholemodule;
				SWIFT_OPTIMIZATION_LEVEL = "-O";
				VALIDATE_PRODUCT = YES;
			};
			name = Release;
		};
		E3ABEDAC27B4208D00A9F860 /* Debug */ = {
			isa = XCBuildConfiguration;
			buildSettings = {
				ASSETCATALOG_COMPILER_APPICON_NAME = AppIcon;
				ASSETCATALOG_COMPILER_GLOBAL_ACCENT_COLOR_NAME = AccentColor;
				CODE_SIGN_STYLE = Automatic;
				DEVELOPMENT_ASSET_PATHS = "\"Project-Movie/Preview Content\"";
				DEVELOPMENT_TEAM = Y27FD8JCF2;
				ENABLE_PREVIEWS = YES;
				INFOPLIST_FILE = "Project-Movie/Info.plist";
				IPHONEOS_DEPLOYMENT_TARGET = 14.0;
				LD_RUNPATH_SEARCH_PATHS = (
					"$(inherited)",
					"@executable_path/Frameworks",
				);
				PRODUCT_BUNDLE_IDENTIFIER = "techKing.Project-Movie";
				PRODUCT_NAME = "$(TARGET_NAME)";
				SWIFT_VERSION = 5.0;
				TARGETED_DEVICE_FAMILY = "1,2";
			};
			name = Debug;
		};
		E3ABEDAD27B4208D00A9F860 /* Release */ = {
			isa = XCBuildConfiguration;
			buildSettings = {
				ASSETCATALOG_COMPILER_APPICON_NAME = AppIcon;
				ASSETCATALOG_COMPILER_GLOBAL_ACCENT_COLOR_NAME = AccentColor;
				CODE_SIGN_STYLE = Automatic;
				DEVELOPMENT_ASSET_PATHS = "\"Project-Movie/Preview Content\"";
				DEVELOPMENT_TEAM = Y27FD8JCF2;
				ENABLE_PREVIEWS = YES;
				INFOPLIST_FILE = "Project-Movie/Info.plist";
				IPHONEOS_DEPLOYMENT_TARGET = 14.0;
				LD_RUNPATH_SEARCH_PATHS = (
					"$(inherited)",
					"@executable_path/Frameworks",
				);
				PRODUCT_BUNDLE_IDENTIFIER = "techKing.Project-Movie";
				PRODUCT_NAME = "$(TARGET_NAME)";
				SWIFT_VERSION = 5.0;
				TARGETED_DEVICE_FAMILY = "1,2";
			};
			name = Release;
		};
/* End XCBuildConfiguration section */

/* Begin XCConfigurationList section */
		E3ABED9727B4208800A9F860 /* Build configuration list for PBXProject "Project-Movie" */ = {
			isa = XCConfigurationList;
			buildConfigurations = (
				E3ABEDA927B4208D00A9F860 /* Debug */,
				E3ABEDAA27B4208D00A9F860 /* Release */,
			);
			defaultConfigurationIsVisible = 0;
			defaultConfigurationName = Release;
		};
		E3ABEDAB27B4208D00A9F860 /* Build configuration list for PBXNativeTarget "Project-Movie" */ = {
			isa = XCConfigurationList;
			buildConfigurations = (
				E3ABEDAC27B4208D00A9F860 /* Debug */,
				E3ABEDAD27B4208D00A9F860 /* Release */,
			);
			defaultConfigurationIsVisible = 0;
			defaultConfigurationName = Release;
		};
/* End XCConfigurationList section */
	};
	rootObject = E3ABED9427B4208800A9F860 /* Project object */;
}
